<?xml version="1.0" encoding="utf-8"?>
<Project ToolsVersion="4.0" xmlns="http://schemas.microsoft.com/developer/msbuild/2003">
  <ItemGroup>
    <Filter Include="src">
      <UniqueIdentifier>{8c0c55eb-f0fa-473a-9ef1-7a5fc5f7eceb}</UniqueIdentifier>
    </Filter>
    <Filter Include="etc">
      <UniqueIdentifier>{1e659d33-7b1a-4536-93d8-9ea8de33b74f}</UniqueIdentifier>
    </Filter>
    <Filter Include="etc\Assets">
      <UniqueIdentifier>17b52f90-9b33-4188-8a0e-808582bbabbc</UniqueIdentifier>
      <Extensions>ico;bmp;dlg;gif;jpg;jpeg;jpe;resx;tiff;tif;png;wav;resw;resjson</Extensions>
    </Filter>
  </ItemGroup>
  <ItemGroup>
    <Image Include="Assets\ApplicationIcon.png">
      <Filter>etc\Assets</Filter>
    </Image>
    <Image Include="Assets\AlignmentGrid.png">
      <Filter>etc\Assets</Filter>
    </Image>
    <Image Include="Assets\Tiles\FlipCycleTileLarge.png">
      <Filter>etc\Assets</Filter>
    </Image>
    <Image Include="Assets\Tiles\FlipCycleTileMedium.png">
      <Filter>etc\Assets</Filter>
    </Image>
    <Image Include="Assets\Tiles\FlipCycleTileSmall.png">
      <Filter>etc\Assets</Filter>
    </Image>
    <Image Include="Assets\Tiles\IconicTileMediumLarge.png">
      <Filter>etc\Assets</Filter>
    </Image>
    <Image Include="Assets\Tiles\IconicTileSmall.png">
      <Filter>etc\Assets</Filter>
    </Image>
  </ItemGroup>
  <ItemGroup>
    <Xml Include="WMAppManifest.xml">
      <Filter>etc</Filter>
    </Xml>
  </ItemGroup>
  <ItemGroup>
    <ClCompile Include="..\..\main.cpp">
      <Filter>src</Filter>
    </ClCompile>
  </ItemGroup>
</Project>