// !$*UTF8*$!
{
	archiveVersion = 1;
	classes = {
	};
	objectVersion = 46;
	objects = {

/* Begin PBXBuildFile section */
		21F4185416C447410016F736 /* Cocoa.framework in Frameworks */ = {isa = PBXBuildFile; fileRef = 21F4185316C447410016F736 /* Cocoa.framework */; };
		21F4185E16C447410016F736 /* InfoPlist.strings in Resources */ = {isa = PBXBuildFile; fileRef = 21F4185C16C447410016F736 /* InfoPlist.strings */; };
		21F4186016C447410016F736 /* main.m in Sources */ = {isa = PBXBuildFile; fileRef = 21F4185F16C447410016F736 /* main.m */; };
		21F4186416C447410016F736 /* Credits.rtf in Resources */ = {isa = PBXBuildFile; fileRef = 21F4186216C447410016F736 /* Credits.rtf */; };
		21F4186716C447410016F736 /* AppDelegate.m in Sources */ = {isa = PBXBuildFile; fileRef = 21F4186616C447410016F736 /* AppDelegate.m */; };
		21F4186A16C447410016F736 /* MainMenu.xib in Resources */ = {isa = PBXBuildFile; fileRef = 21F4186816C447410016F736 /* MainMenu.xib */; };
		21F4186D16C447410016F736 /* test_on_dev_MacOSX.xcdatamodeld in Sources */ = {isa = PBXBuildFile; fileRef = 21F4186B16C447410016F736 /* test_on_dev_MacOSX.xcdatamodeld */; };
/* End PBXBuildFile section */

/* Begin PBXFileReference section */
		21F4184F16C447410016F736 /* test_on_dev_MacOSX.app */ = {isa = PBXFileReference; explicitFileType = wrapper.application; includeInIndex = 0; path = test_on_dev_MacOSX.app; sourceTree = BUILT_PRODUCTS_DIR; };
		21F4185316C447410016F736 /* Cocoa.framework */ = {isa = PBXFileReference; lastKnownFileType = wrapper.framework; name = Cocoa.framework; path = System/Library/Frameworks/Cocoa.framework; sourceTree = SDKROOT; };
		21F4185616C447410016F736 /* AppKit.framework */ = {isa = PBXFileReference; lastKnownFileType = wrapper.framework; name = AppKit.framework; path = System/Library/Frameworks/AppKit.framework; sourceTree = SDKROOT; };
		21F4185716C447410016F736 /* CoreData.framework */ = {isa = PBXFileReference; lastKnownFileType = wrapper.framework; name = CoreData.framework; path = System/Library/Frameworks/CoreData.framework; sourceTree = SDKROOT; };
		21F4185816C447410016F736 /* Foundation.framework */ = {isa = PBXFileReference; lastKnownFileType = wrapper.framework; name = Foundation.framework; path = System/Library/Frameworks/Foundation.framework; sourceTree = SDKROOT; };
		21F4185B16C447410016F736 /* test_on_dev_MacOSX-Info.plist */ = {isa = PBXFileReference; lastKnownFileType = text.plist.xml; path = "test_on_dev_MacOSX-Info.plist"; sourceTree = "<group>"; };
		21F4185D16C447410016F736 /* en */ = {isa = PBXFileReference; lastKnownFileType = text.plist.strings; name = en; path = en.lproj/InfoPlist.strings; sourceTree = "<group>"; };
		21F4185F16C447410016F736 /* main.m */ = {isa = PBXFileReference; lastKnownFileType = sourcecode.c.objc; path = main.m; sourceTree = "<group>"; };
		21F4186116C447410016F736 /* test_on_dev_MacOSX-Prefix.pch */ = {isa = PBXFileReference; lastKnownFileType = sourcecode.c.h; path = "test_on_dev_MacOSX-Prefix.pch"; sourceTree = "<group>"; };
		21F4186316C447410016F736 /* en */ = {isa = PBXFileReference; lastKnownFileType = text.rtf; name = en; path = en.lproj/Credits.rtf; sourceTree = "<group>"; };
		21F4186516C447410016F736 /* AppDelegate.h */ = {isa = PBXFileReference; lastKnownFileType = sourcecode.c.h; path = AppDelegate.h; sourceTree = "<group>"; };
		21F4186616C447410016F736 /* AppDelegate.m */ = {isa = PBXFileReference; lastKnownFileType = sourcecode.c.objc; path = AppDelegate.m; sourceTree = "<group>"; };
		21F4186916C447410016F736 /* en */ = {isa = PBXFileReference; lastKnownFileType = file.xib; name = en; path = en.lproj/MainMenu.xib; sourceTree = "<group>"; };
		21F4186C16C447410016F736 /* test_on_dev_MacOSX.xcdatamodel */ = {isa = PBXFileReference; lastKnownFileType = wrapper.xcdatamodel; path = test_on_dev_MacOSX.xcdatamodel; sourceTree = "<group>"; };
/* End PBXFileReference section */

/* Begin PBXFrameworksBuildPhase section */
		21F4184C16C447410016F736 /* Frameworks */ = {
			isa = PBXFrameworksBuildPhase;
			buildActionMask = 2147483647;
			files = (
				21F4185416C447410016F736 /* Cocoa.framework in Frameworks */,
			);
			runOnlyForDeploymentPostprocessing = 0;
		};
/* End PBXFrameworksBuildPhase section */

/* Begin PBXGroup section */
		21F4184416C447410016F736 = {
			isa = PBXGroup;
			children = (
				21F4185916C447410016F736 /* test_on_dev_MacOSX */,
				21F4185216C447410016F736 /* Frameworks */,
				21F4185016C447410016F736 /* Products */,
			);
			sourceTree = "<group>";
		};
		21F4185016C447410016F736 /* Products */ = {
			isa = PBXGroup;
			children = (
				21F4184F16C447410016F736 /* test_on_dev_MacOSX.app */,
			);
			name = Products;
			sourceTree = "<group>";
		};
		21F4185216C447410016F736 /* Frameworks */ = {
			isa = PBXGroup;
			children = (
				21F4185316C447410016F736 /* Cocoa.framework */,
				21F4185516C447410016F736 /* Other Frameworks */,
			);
			name = Frameworks;
			sourceTree = "<group>";
		};
		21F4185516C447410016F736 /* Other Frameworks */ = {
			isa = PBXGroup;
			children = (
				21F4185616C447410016F736 /* AppKit.framework */,
				21F4185716C447410016F736 /* CoreData.framework */,
				21F4185816C447410016F736 /* Foundation.framework */,
			);
			name = "Other Frameworks";
			sourceTree = "<group>";
		};
		21F4185916C447410016F736 /* test_on_dev_MacOSX */ = {
			isa = PBXGroup;
			children = (
				21F4186516C447410016F736 /* AppDelegate.h */,
				21F4186616C447410016F736 /* AppDelegate.m */,
				21F4186816C447410016F736 /* MainMenu.xib */,
				21F4186B16C447410016F736 /* test_on_dev_MacOSX.xcdatamodeld */,
				21F4185A16C447410016F736 /* Supporting Files */,
			);
			path = test_on_dev_MacOSX;
			sourceTree = "<group>";
		};
		21F4185A16C447410016F736 /* Supporting Files */ = {
			isa = PBXGroup;
			children = (
				21F4185B16C447410016F736 /* test_on_dev_MacOSX-Info.plist */,
				21F4185C16C447410016F736 /* InfoPlist.strings */,
				21F4185F16C447410016F736 /* main.m */,
				21F4186116C447410016F736 /* test_on_dev_MacOSX-Prefix.pch */,
				21F4186216C447410016F736 /* Credits.rtf */,
			);
			name = "Supporting Files";
			sourceTree = "<group>";
		};
/* End PBXGroup section */

/* Begin PBXNativeTarget section */
		21F4184E16C447410016F736 /* test_on_dev_MacOSX */ = {
			isa = PBXNativeTarget;
			buildConfigurationList = 21F4187016C447410016F736 /* Build configuration list for PBXNativeTarget "test_on_dev_MacOSX" */;
			buildPhases = (
				21F4184B16C447410016F736 /* Sources */,
				21F4184C16C447410016F736 /* Frameworks */,
				21F4184D16C447410016F736 /* Resources */,
			);
			buildRules = (
			);
			dependencies = (
			);
			name = test_on_dev_MacOSX;
			productName = test_on_dev_MacOSX;
			productReference = 21F4184F16C447410016F736 /* test_on_dev_MacOSX.app */;
			productType = "com.apple.product-type.application";
		};
/* End PBXNativeTarget section */

/* Begin PBXProject section */
		21F4184616C447410016F736 /* Project object */ = {
			isa = PBXProject;
			attributes = {
				LastUpgradeCheck = 0450;
				ORGANIZATIONNAME = gy;
			};
			buildConfigurationList = 21F4184916C447410016F736 /* Build configuration list for PBXProject "test_on_dev_MacOSX" */;
			compatibilityVersion = "Xcode 3.2";
			developmentRegion = English;
			hasScannedForEncodings = 0;
			knownRegions = (
				en,
			);
			mainGroup = 21F4184416C447410016F736;
			productRefGroup = 21F4185016C447410016F736 /* Products */;
			projectDirPath = "";
			projectRoot = "";
			targets = (
				21F4184E16C447410016F736 /* test_on_dev_MacOSX */,
			);
		};
/* End PBXProject section */

/* Begin PBXResourcesBuildPhase section */
		21F4184D16C447410016F736 /* Resources */ = {
			isa = PBXResourcesBuildPhase;
			buildActionMask = 2147483647;
			files = (
				21F4185E16C447410016F736 /* InfoPlist.strings in Resources */,
				21F4186416C447410016F736 /* Credits.rtf in Resources */,
				21F4186A16C447410016F736 /* MainMenu.xib in Resources */,
			);
			runOnlyForDeploymentPostprocessing = 0;
		};
/* End PBXResourcesBuildPhase section */

/* Begin PBXSourcesBuildPhase section */
		21F4184B16C447410016F736 /* Sources */ = {
			isa = PBXSourcesBuildPhase;
			buildActionMask = 2147483647;
			files = (
				21F4186016C447410016F736 /* main.m in Sources */,
				21F4186716C447410016F736 /* AppDelegate.m in Sources */,
				21F4186D16C447410016F736 /* test_on_dev_MacOSX.xcdatamodeld in Sources */,
			);
			runOnlyForDeploymentPostprocessing = 0;
		};
/* End PBXSourcesBuildPhase section */

/* Begin PBXVariantGroup section */
		21F4185C16C447410016F736 /* InfoPlist.strings */ = {
			isa = PBXVariantGroup;
			children = (
				21F4185D16C447410016F736 /* en */,
			);
			name = InfoPlist.strings;
			sourceTree = "<group>";
		};
		21F4186216C447410016F736 /* Credits.rtf */ = {
			isa = PBXVariantGroup;
			children = (
				21F4186316C447410016F736 /* en */,
			);
			name = Credits.rtf;
			sourceTree = "<group>";
		};
		21F4186816C447410016F736 /* MainMenu.xib */ = {
			isa = PBXVariantGroup;
			children = (
				21F4186916C447410016F736 /* en */,
			);
			name = MainMenu.xib;
			sourceTree = "<group>";
		};
/* End PBXVariantGroup section */

/* Begin XCBuildConfiguration section */
		21F4186E16C447410016F736 /* Debug */ = {
			isa = XCBuildConfiguration;
			buildSettings = {
				ALWAYS_SEARCH_USER_PATHS = NO;
				ARCHS = "$(ARCHS_STANDARD_64_BIT)";
				CLANG_CXX_LANGUAGE_STANDARD = "gnu++0x";
				CLANG_CXX_LIBRARY = "libc++";
				CLANG_WARN_EMPTY_BODY = YES;
				CLANG_WARN__DUPLICATE_METHOD_MATCH = YES;
				COPY_PHASE_STRIP = NO;
				GCC_C_LANGUAGE_STANDARD = gnu99;
				GCC_DYNAMIC_NO_PIC = NO;
				GCC_ENABLE_OBJC_EXCEPTIONS = YES;
				GCC_OPTIMIZATION_LEVEL = 0;
				GCC_PREPROCESSOR_DEFINITIONS = (
					"DEBUG=1",
					"$(inherited)",
				);
				GCC_SYMBOLS_PRIVATE_EXTERN = NO;
				GCC_WARN_64_TO_32_BIT_CONVERSION = YES;
				GCC_WARN_ABOUT_RETURN_TYPE = YES;
				GCC_WARN_UNINITIALIZED_AUTOS = YES;
				GCC_WARN_UNUSED_VARIABLE = YES;
				MACOSX_DEPLOYMENT_TARGET = 10.7;
				ONLY_ACTIVE_ARCH = YES;
				SDKROOT = macosx;
			};
			name = Debug;
		};
		21F4186F16C447410016F736 /* Release */ = {
			isa = XCBuildConfiguration;
			buildSettings = {
				ALWAYS_SEARCH_USER_PATHS = NO;
				ARCHS = "$(ARCHS_STANDARD_64_BIT)";
				CLANG_CXX_LANGUAGE_STANDARD = "gnu++0x";
				CLANG_CXX_LIBRARY = "libc++";
				CLANG_WARN_EMPTY_BODY = YES;
				CLANG_WARN__DUPLICATE_METHOD_MATCH = YES;
				COPY_PHASE_STRIP = YES;
				DEBUG_INFORMATION_FORMAT = "dwarf-with-dsym";
				GCC_C_LANGUAGE_STANDARD = gnu99;
				GCC_ENABLE_OBJC_EXCEPTIONS = YES;
				GCC_WARN_64_TO_32_BIT_CONVERSION = YES;
				GCC_WARN_ABOUT_RETURN_TYPE = YES;
				GCC_WARN_UNINITIALIZED_AUTOS = YES;
				GCC_WARN_UNUSED_VARIABLE = YES;
				MACOSX_DEPLOYMENT_TARGET = 10.7;
				SDKROOT = macosx;
			};
			name = Release;
		};
		21F4187116C447410016F736 /* Debug */ = {
			isa = XCBuildConfiguration;
			buildSettings = {
				COMBINE_HIDPI_IMAGES = YES;
				GCC_PRECOMPILE_PREFIX_HEADER = YES;
				GCC_PREFIX_HEADER = "test_on_dev_MacOSX/test_on_dev_MacOSX-Prefix.pch";
				INFOPLIST_FILE = "test_on_dev_MacOSX/test_on_dev_MacOSX-Info.plist";
				PRODUCT_NAME = "$(TARGET_NAME)";
				WRAPPER_EXTENSION = app;
			};
			name = Debug;
		};
		21F4187216C447410016F736 /* Release */ = {
			isa = XCBuildConfiguration;
			buildSettings = {
				COMBINE_HIDPI_IMAGES = YES;
				GCC_PRECOMPILE_PREFIX_HEADER = YES;
				GCC_PREFIX_HEADER = "test_on_dev_MacOSX/test_on_dev_MacOSX-Prefix.pch";
				INFOPLIST_FILE = "test_on_dev_MacOSX/test_on_dev_MacOSX-Info.plist";
				PRODUCT_NAME = "$(TARGET_NAME)";
				WRAPPER_EXTENSION = app;
			};
			name = Release;
		};
/* End XCBuildConfiguration section */

/* Begin XCConfigurationList section */
		21F4184916C447410016F736 /* Build configuration list for PBXProject "test_on_dev_MacOSX" */ = {
			isa = XCConfigurationList;
			buildConfigurations = (
				21F4186E16C447410016F736 /* Debug */,
				21F4186F16C447410016F736 /* Release */,
			);
			defaultConfigurationIsVisible = 0;
			defaultConfigurationName = Release;
		};
		21F4187016C447410016F736 /* Build configuration list for PBXNativeTarget "test_on_dev_MacOSX" */ = {
			isa = XCConfigurationList;
			buildConfigurations = (
				21F4187116C447410016F736 /* Debug */,
				21F4187216C447410016F736 /* Release */,
			);
			defaultConfigurationIsVisible = 0;
		};
/* End XCConfigurationList section */

/* Begin XCVersionGroup section */
		21F4186B16C447410016F736 /* test_on_dev_MacOSX.xcdatamodeld */ = {
			isa = XCVersionGroup;
			children = (
				21F4186C16C447410016F736 /* test_on_dev_MacOSX.xcdatamodel */,
			);
			currentVersion = 21F4186C16C447410016F736 /* test_on_dev_MacOSX.xcdatamodel */;
			path = test_on_dev_MacOSX.xcdatamodeld;
			sourceTree = "<group>";
			versionGroupType = wrapper.xcdatamodel;
		};
/* End XCVersionGroup section */
	};
	rootObject = 21F4184616C447410016F736 /* Project object */;
}
